hash: 690af7774aac79575dce985b2874f3793eb71300858658c4341cbb6a44144b2e
updated: 2017-07-05T22:42:48.843649956Z
imports:
- name: github.com/onsi/ginkgo
  version: 77a8c1e5c40d6bb6c5eb4dd4bdce9763564f6298
- name: github.com/onsi/gomega
  version: 334b8f472b3af5d541c5642701c1e29e2126f486
- name: github.com/spf13/cobra
  version: 8c6fa02d2225de0f9bdcb7ca912556f68d172d8c
- name: github.com/spf13/pflag
  version: e57e3eeb33f795204c1ca35f56c44f83227c6e66
- name: github.com/stretchr/testify
  version: 69483b4bd14f5845b5a1e55bca19e954e827f1d0
  subpackages:
  - assert
testImports: []
